
Microsoft Visual Studio Solution File, Format Version 12.00
# Visual Studio Version 16
VisualStudioVersion = 16.0.30907.101
MinimumVisualStudioVersion = 10.0.40219.1
Project("{9A19103F-16F7-4668-BE54-9A1E7A4F7556}") = "Localiza.Bank", "Localiza.Bank.csproj", "{B3AB7A3B-DFAB-4CA6-89A0-6E2A6264A179}"
EndProject
Global
	GlobalSection(SolutionConfigurationPlatforms) = preSolution
		Debug|Any CPU = Debug|Any CPU
		Release|Any CPU = Release|Any CPU
	EndGlobalSection
	GlobalSection(ProjectConfigurationPlatforms) = postSolution
		{B3AB7A3B-DFAB-4CA6-89A0-6E2A6264A179}.Debug|Any CPU.ActiveCfg = Debug|Any CPU
		{B3AB7A3B-DFAB-4CA6-89A0-6E2A6264A179}.Debug|Any CPU.Build.0 = Debug|Any CPU
		{B3AB7A3B-DFAB-4CA6-89A0-6E2A6264A179}.Release|Any CPU.ActiveCfg = Release|Any CPU
		{B3AB7A3B-DFAB-4CA6-89A0-6E2A6264A179}.Release|Any CPU.Build.0 = Release|Any CPU
	EndGlobalSection
	GlobalSection(SolutionProperties) = preSolution
		HideSolutionNode = FALSE
	EndGlobalSection
	GlobalSection(ExtensibilityGlobals) = postSolution
		SolutionGuid = {AAE846E7-F044-4805-A511-0528FE7D6853}
	EndGlobalSection
EndGlobal
